{
  "name": "web-app",
  "version": "0.1.0",
  "lockfileVersion": 1,
  "requires": true,
  "dependencies": {
    "aurelia-binding": {
      "version": "1.7.1",
      "resolved": "https://registry.npmjs.org/aurelia-binding/-/aurelia-binding-1.7.1.tgz",
      "integrity": "sha512-yJce6ka8PlVCqzFMNaJwUBRDlno1aJTDruc0hxO9TvFGviVieycyHHFuvj0+3TKSxZLK37hSA7F/jWeVperHpg==",
      "requires": {
        "aurelia-logging": "1.5.0",
        "aurelia-metadata": "1.0.3",
        "aurelia-pal": "1.8.0",
        "aurelia-task-queue": "1.3.0"
      }
    },
    "aurelia-dependency-injection": {
      "version": "1.3.2",
      "resolved": "https://registry.npmjs.org/aurelia-dependency-injection/-/aurelia-dependency-injection-1.3.2.tgz",
      "integrity": "sha1-X5yl3t5qHMxyoIOMmA3z3+eRh1Y=",
      "requires": {
        "aurelia-metadata": "1.0.3",
        "aurelia-pal": "1.8.0"
      }
    },
    "aurelia-loader": {
      "version": "1.0.0",
      "resolved": "https://registry.npmjs.org/aurelia-loader/-/aurelia-loader-1.0.0.tgz",
      "integrity": "sha1-t4wqKBOqjkQSRyN91m/WLl1OGeo=",
      "requires": {
        "aurelia-metadata": "1.0.3",
        "aurelia-path": "1.1.1"
      }
    },
    "aurelia-logging": {
      "version": "1.5.0",
      "resolved": "https://registry.npmjs.org/aurelia-logging/-/aurelia-logging-1.5.0.tgz",
      "integrity": "sha512-u9Hhoj3yDHthKgTyj2svr7PaO41e2WFM2dSITxzOMzW8dC9hGVsIo9Hl6cereTP4+GMfMMQF5ZFp6Kfg87Ov0Q=="
    },
    "aurelia-metadata": {
      "version": "1.0.3",
      "resolved": "https://registry.npmjs.org/aurelia-metadata/-/aurelia-metadata-1.0.3.tgz",
      "integrity": "sha1-Ho1Z2hiOKHGorXSbpCyoUISj8w4=",
      "requires": {
        "aurelia-pal": "1.8.0"
      }
    },
    "aurelia-pal": {
      "version": "1.8.0",
      "resolved": "https://registry.npmjs.org/aurelia-pal/-/aurelia-pal-1.8.0.tgz",
      "integrity": "sha512-Nc9S/JTUh1ErSUwg4INhgwBTe99ef8gYXZLjBnP4JJBmLcc/ChhOvj/dSRwluPkosggQgyj2pjla/9VAYHAXPg=="
    },
    "aurelia-path": {
      "version": "1.1.1",
      "resolved": "https://registry.npmjs.org/aurelia-path/-/aurelia-path-1.1.1.tgz",
      "integrity": "sha1-yqnSC8hRWl+fKG2aOxjYGyyFsN0="
    },
    "aurelia-task-queue": {
      "version": "1.3.0",
      "resolved": "https://registry.npmjs.org/aurelia-task-queue/-/aurelia-task-queue-1.3.0.tgz",
      "integrity": "sha512-IPkfVrzlQWlRprAQBdycNP2XG7q9dipXB38kTCgtjxSMy7MtZkfzBAfKeeb6oXxzkXPp7siZ4GfhoSqxZ7flAg==",
      "requires": {
        "aurelia-pal": "1.8.0"
      }
    },
    "aurelia-templating": {
      "version": "1.7.0",
      "resolved": "https://registry.npmjs.org/aurelia-templating/-/aurelia-templating-1.7.0.tgz",
      "integrity": "sha1-ATwI/RsJpX9QUVIuG7P2V/CAO2g=",
      "requires": {
        "aurelia-binding": "1.7.1",
        "aurelia-dependency-injection": "1.3.2",
        "aurelia-loader": "1.0.0",
        "aurelia-logging": "1.5.0",
        "aurelia-metadata": "1.0.3",
        "aurelia-pal": "1.8.0",
        "aurelia-path": "1.1.1",
        "aurelia-task-queue": "1.3.0"
      }
    },
    "aurelia-validatejs": {
      "version": "0.7.0",
      "resolved": "https://registry.npmjs.org/aurelia-validatejs/-/aurelia-validatejs-0.7.0.tgz",
      "integrity": "sha1-fCBhBtEWbStaBqhRle668fbZUV8=",
      "requires": {
        "aurelia-metadata": "1.0.3",
        "aurelia-validation": "0.11.0",
        "validate.js": "0.10.0"
      },
      "dependencies": {
        "aurelia-validation": {
          "version": "0.11.0",
          "resolved": "https://registry.npmjs.org/aurelia-validation/-/aurelia-validation-0.11.0.tgz",
          "integrity": "sha1-pRcDfionC41lNorqFZF2BFK8S78=",
          "requires": {
            "aurelia-binding": "1.7.1",
            "aurelia-dependency-injection": "1.3.2",
            "aurelia-metadata": "1.0.3",
            "aurelia-task-queue": "1.3.0",
            "aurelia-templating": "1.7.0"
          }
        }
      }
    },
    "aurelia-validation": {
      "version": "1.1.3",
      "resolved": "https://registry.npmjs.org/aurelia-validation/-/aurelia-validation-1.1.3.tgz",
      "integrity": "sha512-40vCI0StmM6sngxVTFGzlvlxcMfu0kw9YZlCer77zqmBL0GSAb81Kp+ukn5nCoEorr9031Uw2VBjJbSE70o/Og==",
      "requires": {
        "aurelia-binding": "1.7.1",
        "aurelia-dependency-injection": "1.3.2",
        "aurelia-logging": "1.5.0",
        "aurelia-pal": "1.8.0",
        "aurelia-task-queue": "1.3.0",
        "aurelia-templating": "1.7.0"
      }
    },
    "validate.js": {
      "version": "0.10.0",
      "resolved": "https://registry.npmjs.org/validate.js/-/validate.js-0.10.0.tgz",
      "integrity": "sha1-DZcBTX4Zy+ikeAx5L2C1BaQwev0="
    }
  }
}
